
Microsoft Visual Studio Solution File, Format Version 12.00
# Visual Studio 15
VisualStudioVersion = 15.0.28010.2019
MinimumVisualStudioVersion = 10.0.40219.1
Project("{FAE04EC0-301F-11D3-BF4B-00C04F79EFBC}") = "RQG", "RQG\RQG.csproj", "{387B1FA9-C627-4C3D-B880-2DBBCDDC8A20}"
EndProject
Project("{FAE04EC0-301F-11D3-BF4B-00C04F79EFBC}") = "RQG.Tests", "RQG.Tests\RQG.Tests.csproj", "{387B1FA9-C627-4C3D-B880-2DBBCDDC8A20}"
EndProject
Global
	GlobalSection(SolutionConfigurationPlatforms) = preSolution
		Debug|Any CPU = Debug|Any CPU
		Release|Any CPU = Release|Any CPU
	EndGlobalSection
	GlobalSection(ProjectConfigurationPlatforms) = postSolution
		{387B1FA9-C627-4C3D-B880-2DBBCDDC8A20}.Debug|Any CPU.ActiveCfg = Debug|Any CPU
		{387B1FA9-C627-4C3D-B880-2DBBCDDC8A20}.Debug|Any CPU.Build.0 = Debug|Any CPU
		{387B1FA9-C627-4C3D-B880-2DBBCDDC8A20}.Release|Any CPU.ActiveCfg = Release|Any CPU
		{387B1FA9-C627-4C3D-B880-2DBBCDDC8A20}.Release|Any CPU.Build.0 = Release|Any CPU
	EndGlobalSection
	GlobalSection(SolutionProperties) = preSolution
		HideSolutionNode = FALSE
	EndGlobalSection
	GlobalSection(ExtensibilityGlobals) = postSolution
		SolutionGuid = {0888E419-CBDC-4094-999F-F7F91A5A418F}
	EndGlobalSection
EndGlobal